
Microsoft Visual Studio Solution File, Format Version 12.00
# Visual Studio 15
Project("{FAE04EC0-301F-11D3-BF4B-00C04F79EFBC}") = "Detrack", "Detrack\Detrack.csproj", "{5FAD6E34-EE62-4047-A971-04A9DFC3FCAC}"
EndProject
Project("{FAE04EC0-301F-11D3-BF4B-00C04F79EFBC}") = "DetrackLibrary", "DetrackLibrary\DetrackLibrary.csproj", "{46D032B3-2007-498C-AF67-41A67BC2A867}"
EndProject
Project("{FAE04EC0-301F-11D3-BF4B-00C04F79EFBC}") = "UnitTest", "DetrackTest\UnitTest.csproj", "{CF5FE54E-8B7B-43E4-886F-16BCFE3E2B24}"
EndProject
Global
	GlobalSection(SolutionConfigurationPlatforms) = preSolution
		Debug|Any CPU = Debug|Any CPU
		Release|Any CPU = Release|Any CPU
	EndGlobalSection
	GlobalSection(ProjectConfigurationPlatforms) = postSolution
		{5FAD6E34-EE62-4047-A971-04A9DFC3FCAC}.Debug|Any CPU.ActiveCfg = Debug|Any CPU
		{5FAD6E34-EE62-4047-A971-04A9DFC3FCAC}.Debug|Any CPU.Build.0 = Debug|Any CPU
		{5FAD6E34-EE62-4047-A971-04A9DFC3FCAC}.Release|Any CPU.ActiveCfg = Release|Any CPU
		{5FAD6E34-EE62-4047-A971-04A9DFC3FCAC}.Release|Any CPU.Build.0 = Release|Any CPU
		{46D032B3-2007-498C-AF67-41A67BC2A867}.Debug|Any CPU.ActiveCfg = Debug|Any CPU
		{46D032B3-2007-498C-AF67-41A67BC2A867}.Debug|Any CPU.Build.0 = Debug|Any CPU
		{46D032B3-2007-498C-AF67-41A67BC2A867}.Release|Any CPU.ActiveCfg = Release|Any CPU
		{46D032B3-2007-498C-AF67-41A67BC2A867}.Release|Any CPU.Build.0 = Release|Any CPU
		{CF5FE54E-8B7B-43E4-886F-16BCFE3E2B24}.Debug|Any CPU.ActiveCfg = Debug|Any CPU
		{CF5FE54E-8B7B-43E4-886F-16BCFE3E2B24}.Debug|Any CPU.Build.0 = Debug|Any CPU
		{CF5FE54E-8B7B-43E4-886F-16BCFE3E2B24}.Release|Any CPU.ActiveCfg = Release|Any CPU
		{CF5FE54E-8B7B-43E4-886F-16BCFE3E2B24}.Release|Any CPU.Build.0 = Release|Any CPU
	EndGlobalSection
EndGlobal
